
Microsoft Visual Studio Solution File, Format Version 12.00
Project("{2150E333-8FDC-42A3-9474-1A3956D46DE8}") = "Runnable", "Runnable", "{71797FF6-4CE7-45E8-9A0D-61AF5607FEC2}"
EndProject
Project("{2150E333-8FDC-42A3-9474-1A3956D46DE8}") = "Lib", "Lib", "{2139134F-80F9-468B-B228-5A22C7EF1E3B}"
EndProject
Project("{FAE04EC0-301F-11D3-BF4B-00C04F79EFBC}") = "Lib.DI", "Lib.DI\Lib.DI.csproj", "{CAA0ACF8-981C-46EF-9E32-F1758EB902AA}"
EndProject
Global
	GlobalSection(SolutionConfigurationPlatforms) = preSolution
		Debug|Any CPU = Debug|Any CPU
		Release|Any CPU = Release|Any CPU
	EndGlobalSection
	GlobalSection(ProjectConfigurationPlatforms) = postSolution
		{CAA0ACF8-981C-46EF-9E32-F1758EB902AA}.Debug|Any CPU.ActiveCfg = Debug|Any CPU
		{CAA0ACF8-981C-46EF-9E32-F1758EB902AA}.Debug|Any CPU.Build.0 = Debug|Any CPU
		{CAA0ACF8-981C-46EF-9E32-F1758EB902AA}.Release|Any CPU.ActiveCfg = Release|Any CPU
		{CAA0ACF8-981C-46EF-9E32-F1758EB902AA}.Release|Any CPU.Build.0 = Release|Any CPU
	EndGlobalSection
	GlobalSection(NestedProjects) = preSolution
		{CAA0ACF8-981C-46EF-9E32-F1758EB902AA} = {2139134F-80F9-468B-B228-5A22C7EF1E3B}
	EndGlobalSection
EndGlobal
